
Microsoft Visual Studio Solution File, Format Version 12.00
# Visual Studio Version 16
VisualStudioVersion = 16.0.33027.164
MinimumVisualStudioVersion = 10.0.40219.1
Project("{F184B08F-C81C-45F6-A57F-5ABD9991F28F}") = "Aplikasi kasir", "Aplikasi kasir\Aplikasi kasir.vbproj", "{F6A36239-E785-4B3A-B225-C683FC8C863E}"
EndProject
Global
	GlobalSection(SolutionConfigurationPlatforms) = preSolution
		Debug|Any CPU = Debug|Any CPU
		Debug|x64 = Debug|x64
		Debug|x86 = Debug|x86
		Release|Any CPU = Release|Any CPU
		Release|x64 = Release|x64
		Release|x86 = Release|x86
	EndGlobalSection
	GlobalSection(ProjectConfigurationPlatforms) = postSolution
		{F6A36239-E785-4B3A-B225-C683FC8C863E}.Debug|Any CPU.ActiveCfg = Debug|Any CPU
		{F6A36239-E785-4B3A-B225-C683FC8C863E}.Debug|Any CPU.Build.0 = Debug|Any CPU
		{F6A36239-E785-4B3A-B225-C683FC8C863E}.Debug|x64.ActiveCfg = Debug|x64
		{F6A36239-E785-4B3A-B225-C683FC8C863E}.Debug|x64.Build.0 = Debug|x64
		{F6A36239-E785-4B3A-B225-C683FC8C863E}.Debug|x86.ActiveCfg = Debug|x86
		{F6A36239-E785-4B3A-B225-C683FC8C863E}.Debug|x86.Build.0 = Debug|x86
		{F6A36239-E785-4B3A-B225-C683FC8C863E}.Release|Any CPU.ActiveCfg = Release|Any CPU
		{F6A36239-E785-4B3A-B225-C683FC8C863E}.Release|Any CPU.Build.0 = Release|Any CPU
		{F6A36239-E785-4B3A-B225-C683FC8C863E}.Release|x64.ActiveCfg = Release|x64
		{F6A36239-E785-4B3A-B225-C683FC8C863E}.Release|x64.Build.0 = Release|x64
		{F6A36239-E785-4B3A-B225-C683FC8C863E}.Release|x86.ActiveCfg = Release|x86
		{F6A36239-E785-4B3A-B225-C683FC8C863E}.Release|x86.Build.0 = Release|x86
	EndGlobalSection
	GlobalSection(SolutionProperties) = preSolution
		HideSolutionNode = FALSE
	EndGlobalSection
	GlobalSection(ExtensibilityGlobals) = postSolution
		SolutionGuid = {5152F9CB-C33F-453B-9538-1605D722F2E7}
	EndGlobalSection
EndGlobal
